
Microsoft Visual Studio Solution File, Format Version 12.00
# Visual Studio Version 17
VisualStudioVersion = 17.14.36623.8 d17.14
MinimumVisualStudioVersion = 10.0.40219.1
Project("{2150E333-8FDC-42A3-9474-1A3956D46DE8}") = "LLApi", "LLApi", "{02EA681E-C7D8-13C7-8484-4AC65E1B71E8}"
EndProject
Project("{2150E333-8FDC-42A3-9474-1A3956D46DE8}") = "Presentation", "Presentation", "{D8617EB4-E0AA-41C8-BDD8-BB46D351D762}"
EndProject
Project("{2150E333-8FDC-42A3-9474-1A3956D46DE8}") = "Application", "Application", "{B0CA1F9D-275E-43F8-BC0C-3DE2D9D69FDB}"
EndProject
Project("{2150E333-8FDC-42A3-9474-1A3956D46DE8}") = "Infrastructure", "Infrastructure", "{772BD27D-63DF-4078-8FBC-E4D44C598C2A}"
EndProject
Project("{2150E333-8FDC-42A3-9474-1A3956D46DE8}") = "Domain", "Domain", "{141C3F7F-8E33-4B34-B2FA-AF048E04B7B8}"
EndProject
Project("{FAE04EC0-301F-11D3-BF4B-00C04F79EFBC}") = "LL.Presentation.API", "LL.Presentation.API\LL.Presentation.API.csproj", "{31755E55-99ED-49A8-A925-57C78585B7AE}"
EndProject
Project("{FAE04EC0-301F-11D3-BF4B-00C04F79EFBC}") = "LL.Application", "LL.Presentation.Application\LL.Application.csproj", "{3A8A51DC-6696-4609-8239-93A4BDF84F8F}"
EndProject
Project("{FAE04EC0-301F-11D3-BF4B-00C04F79EFBC}") = "LLDomain", "LLDomain\LLDomain.csproj", "{C677A9EF-E240-4F05-90BC-F7ECD18C4A90}"
EndProject
Project("{2150E333-8FDC-42A3-9474-1A3956D46DE8}") = "Integrations", "Integrations", "{7F6432F5-3BFD-400A-A58B-05B369F9BF69}"
EndProject
Project("{FAE04EC0-301F-11D3-BF4B-00C04F79EFBC}") = "LL.Infrastructure.Integrations", "LL.Infrastructure.Integrations\LL.Infrastructure.Integrations.csproj", "{6A838DCF-54A4-4408-95FC-84A16C81F078}"
EndProject
Project("{FAE04EC0-301F-11D3-BF4B-00C04F79EFBC}") = "LL.Application.Common", "LL.Application.Common\LL.Application.Common.csproj", "{3B96EB3B-800F-48B8-8F8A-DA28577AE334}"
EndProject
Project("{2150E333-8FDC-42A3-9474-1A3956D46DE8}") = "Data", "Data", "{4D865BF9-4991-46C5-9570-5E2113B266D2}"
EndProject
Project("{2150E333-8FDC-42A3-9474-1A3956D46DE8}") = "DataAPI", "DataAPI", "{B5FEC341-6C81-4B9A-AD0A-7B942203BCE0}"
EndProject
Project("{FAE04EC0-301F-11D3-BF4B-00C04F79EFBC}") = "DataAPI", "DataAPI\DataAPI.csproj", "{29075D23-7636-4852-9AD4-017EB5DB3BD4}"
EndProject
Project("{FAE04EC0-301F-11D3-BF4B-00C04F79EFBC}") = "Infrastructure.Data", "Infrastructure.Data\Infrastructure.Data.csproj", "{926349A7-CDA7-48A0-8F1D-C8039F344468}"
EndProject
Global
	GlobalSection(SolutionConfigurationPlatforms) = preSolution
		Debug|Any CPU = Debug|Any CPU
		Release|Any CPU = Release|Any CPU
	EndGlobalSection
	GlobalSection(ProjectConfigurationPlatforms) = postSolution
		{31755E55-99ED-49A8-A925-57C78585B7AE}.Debug|Any CPU.ActiveCfg = Debug|Any CPU
		{31755E55-99ED-49A8-A925-57C78585B7AE}.Debug|Any CPU.Build.0 = Debug|Any CPU
		{31755E55-99ED-49A8-A925-57C78585B7AE}.Release|Any CPU.ActiveCfg = Release|Any CPU
		{31755E55-99ED-49A8-A925-57C78585B7AE}.Release|Any CPU.Build.0 = Release|Any CPU
		{3A8A51DC-6696-4609-8239-93A4BDF84F8F}.Debug|Any CPU.ActiveCfg = Debug|Any CPU
		{3A8A51DC-6696-4609-8239-93A4BDF84F8F}.Debug|Any CPU.Build.0 = Debug|Any CPU
		{3A8A51DC-6696-4609-8239-93A4BDF84F8F}.Release|Any CPU.ActiveCfg = Release|Any CPU
		{3A8A51DC-6696-4609-8239-93A4BDF84F8F}.Release|Any CPU.Build.0 = Release|Any CPU
		{C677A9EF-E240-4F05-90BC-F7ECD18C4A90}.Debug|Any CPU.ActiveCfg = Debug|Any CPU
		{C677A9EF-E240-4F05-90BC-F7ECD18C4A90}.Debug|Any CPU.Build.0 = Debug|Any CPU
		{C677A9EF-E240-4F05-90BC-F7ECD18C4A90}.Release|Any CPU.ActiveCfg = Release|Any CPU
		{C677A9EF-E240-4F05-90BC-F7ECD18C4A90}.Release|Any CPU.Build.0 = Release|Any CPU
		{6A838DCF-54A4-4408-95FC-84A16C81F078}.Debug|Any CPU.ActiveCfg = Debug|Any CPU
		{6A838DCF-54A4-4408-95FC-84A16C81F078}.Debug|Any CPU.Build.0 = Debug|Any CPU
		{6A838DCF-54A4-4408-95FC-84A16C81F078}.Release|Any CPU.ActiveCfg = Release|Any CPU
		{6A838DCF-54A4-4408-95FC-84A16C81F078}.Release|Any CPU.Build.0 = Release|Any CPU
		{3B96EB3B-800F-48B8-8F8A-DA28577AE334}.Debug|Any CPU.ActiveCfg = Debug|Any CPU
		{3B96EB3B-800F-48B8-8F8A-DA28577AE334}.Debug|Any CPU.Build.0 = Debug|Any CPU
		{3B96EB3B-800F-48B8-8F8A-DA28577AE334}.Release|Any CPU.ActiveCfg = Release|Any CPU
		{3B96EB3B-800F-48B8-8F8A-DA28577AE334}.Release|Any CPU.Build.0 = Release|Any CPU
		{29075D23-7636-4852-9AD4-017EB5DB3BD4}.Debug|Any CPU.ActiveCfg = Debug|Any CPU
		{29075D23-7636-4852-9AD4-017EB5DB3BD4}.Debug|Any CPU.Build.0 = Debug|Any CPU
		{29075D23-7636-4852-9AD4-017EB5DB3BD4}.Release|Any CPU.ActiveCfg = Release|Any CPU
		{29075D23-7636-4852-9AD4-017EB5DB3BD4}.Release|Any CPU.Build.0 = Release|Any CPU
		{926349A7-CDA7-48A0-8F1D-C8039F344468}.Debug|Any CPU.ActiveCfg = Debug|Any CPU
		{926349A7-CDA7-48A0-8F1D-C8039F344468}.Debug|Any CPU.Build.0 = Debug|Any CPU
		{926349A7-CDA7-48A0-8F1D-C8039F344468}.Release|Any CPU.ActiveCfg = Release|Any CPU
		{926349A7-CDA7-48A0-8F1D-C8039F344468}.Release|Any CPU.Build.0 = Release|Any CPU
	EndGlobalSection
	GlobalSection(SolutionProperties) = preSolution
		HideSolutionNode = FALSE
	EndGlobalSection
	GlobalSection(NestedProjects) = preSolution
		{D8617EB4-E0AA-41C8-BDD8-BB46D351D762} = {02EA681E-C7D8-13C7-8484-4AC65E1B71E8}
		{B0CA1F9D-275E-43F8-BC0C-3DE2D9D69FDB} = {02EA681E-C7D8-13C7-8484-4AC65E1B71E8}
		{772BD27D-63DF-4078-8FBC-E4D44C598C2A} = {02EA681E-C7D8-13C7-8484-4AC65E1B71E8}
		{141C3F7F-8E33-4B34-B2FA-AF048E04B7B8} = {02EA681E-C7D8-13C7-8484-4AC65E1B71E8}
		{31755E55-99ED-49A8-A925-57C78585B7AE} = {D8617EB4-E0AA-41C8-BDD8-BB46D351D762}
		{3A8A51DC-6696-4609-8239-93A4BDF84F8F} = {B0CA1F9D-275E-43F8-BC0C-3DE2D9D69FDB}
		{C677A9EF-E240-4F05-90BC-F7ECD18C4A90} = {141C3F7F-8E33-4B34-B2FA-AF048E04B7B8}
		{7F6432F5-3BFD-400A-A58B-05B369F9BF69} = {772BD27D-63DF-4078-8FBC-E4D44C598C2A}
		{6A838DCF-54A4-4408-95FC-84A16C81F078} = {7F6432F5-3BFD-400A-A58B-05B369F9BF69}
		{3B96EB3B-800F-48B8-8F8A-DA28577AE334} = {B0CA1F9D-275E-43F8-BC0C-3DE2D9D69FDB}
		{4D865BF9-4991-46C5-9570-5E2113B266D2} = {772BD27D-63DF-4078-8FBC-E4D44C598C2A}
		{29075D23-7636-4852-9AD4-017EB5DB3BD4} = {B5FEC341-6C81-4B9A-AD0A-7B942203BCE0}
		{926349A7-CDA7-48A0-8F1D-C8039F344468} = {4D865BF9-4991-46C5-9570-5E2113B266D2}
	EndGlobalSection
	GlobalSection(ExtensibilityGlobals) = postSolution
		SolutionGuid = {EAFFE32D-6A65-420E-9B11-6EE9B49DF029}
	EndGlobalSection
EndGlobal
